header:
    version: 14
overrides:
    repos:
        meta-common-emx:
            commit: ea4f36b3311f1047643073d6b742dd751884ca9f
        meta-openembedded:
            commit: 72018ca1b1a471226917e8246e8bbf9a374ccf97
        meta-poky-extensions:
            commit: bbb02dc02654274db262bb394b661f7617405999
        meta-rauc:
            commit: 1e3e6b334defd7fbf95cb43d23975e7b3de4b520
        poky:
            commit: 200d12b6a58ad961d60a7774ca0f7a9d29498724
